
Microsoft Visual Studio Solution File, Format Version 12.00
# Visual Studio Version 17
VisualStudioVersion = 17.3.32611.2
MinimumVisualStudioVersion = 10.0.40219.1
Project("{9A19103F-16F7-4668-BE54-9A1E7A4F7556}") = "zacars", "zacars.csproj", "{1F41E3F7-63FA-4A5E-9986-2E30C9AB6422}"
EndProject
Global
	GlobalSection(SolutionConfigurationPlatforms) = preSolution
		Debug|Any CPU = Debug|Any CPU
		Release|Any CPU = Release|Any CPU
	EndGlobalSection
	GlobalSection(ProjectConfigurationPlatforms) = postSolution
		{1F41E3F7-63FA-4A5E-9986-2E30C9AB6422}.Debug|Any CPU.ActiveCfg = Debug|Any CPU
		{1F41E3F7-63FA-4A5E-9986-2E30C9AB6422}.Debug|Any CPU.Build.0 = Debug|Any CPU
		{1F41E3F7-63FA-4A5E-9986-2E30C9AB6422}.Release|Any CPU.ActiveCfg = Release|Any CPU
		{1F41E3F7-63FA-4A5E-9986-2E30C9AB6422}.Release|Any CPU.Build.0 = Release|Any CPU
	EndGlobalSection
	GlobalSection(SolutionProperties) = preSolution
		HideSolutionNode = FALSE
	EndGlobalSection
	GlobalSection(ExtensibilityGlobals) = postSolution
		SolutionGuid = {3C82AE6E-0BDF-4FC1-9E4A-2D118378D578}
	EndGlobalSection
EndGlobal
